[[package]]
name = "hello"
version = "0.1.0"
dependencies = [
 "serde_json 1.0.27 (registry+https://github.com/rust-lang/crates.io-index)",
]

[[package]]
name = "itoa"
version = "0.4.3"
source = "registry+https://github.com/rust-lang/crates.io-index"

[[package]]
name = "ryu"
version = "0.2.6"
source = "registry+https://github.com/rust-lang/crates.io-index"

[[package]]
name = "serde"
version = "1.0.78"
source = "registry+https://github.com/rust-lang/crates.io-index"

[[package]]
name = "serde_json"
version = "1.0.27"
source = "registry+https://github.com/rust-lang/crates.io-index"
dependencies = [
 "itoa 0.4.3 (registry+https://github.com/rust-lang/crates.io-index)",
 "ryu 0.2.6 (registry+https://github.com/rust-lang/crates.io-index)",
 "serde 1.0.78 (registry+https://github.com/rust-lang/crates.io-index)",
]

[metadata]
"checksum itoa 0.4.3 (registry+https://github.com/rust-lang/crates.io-index)" = "1306f3464951f30e30d12373d31c79fbd52d236e5e896fd92f96ec7babbbe60b"
"checksum ryu 0.2.6 (registry+https://github.com/rust-lang/crates.io-index)" = "7153dd96dade874ab973e098cb62fcdbb89a03682e46b144fd09550998d4a4a7"
"checksum serde 1.0.78 (registry+https://github.com/rust-lang/crates.io-index)" = "92ec94e2754699adddbbc4f555791bd3acc2a2f5574cba16c93a4a9cf4a04415"
"checksum serde_json 1.0.27 (registry+https://github.com/rust-lang/crates.io-index)" = "59790990c5115d16027f00913e2e66de23a51f70422e549d2ad68c8c5f268f1c"
